
Microsoft Visual Studio Solution File, Format Version 11.00
# Visual C++ Express 2010
Project("{8BC9CEB8-8B4A-11D0-8D11-00A0C91BC942}") = "Vehicle Owners Database", "Vehicle Owners Database.vcxproj", "{70DB7F61-2D69-2157-4A42-CA5293FD71C5}"
EndProject
Global
	GlobalSection(SolutionConfigurationPlatforms) = preSolution
		Debug|Win32 = Debug|Win32
		Release|Win32 = Release|Win32
	EndGlobalSection
	GlobalSection(ProjectConfigurationPlatforms) = postSolution
		{70DB7F61-2D69-2157-4A42-CA5293FD71C5}.Debug|Win32.ActiveCfg = Debug|Win32
		{70DB7F61-2D69-2157-4A42-CA5293FD71C5}.Debug|Win32.Build.0 = Debug|Win32
		{70DB7F61-2D69-2157-4A42-CA5293FD71C5}.Release|Win32.ActiveCfg = Release|Win32
		{70DB7F61-2D69-2157-4A42-CA5293FD71C5}.Release|Win32.Build.0 = Release|Win32
	EndGlobalSection
	GlobalSection(SolutionProperties) = preSolution
		HideSolutionNode = FALSE
	EndGlobalSection
EndGlobal
