
Microsoft Visual Studio Solution File, Format Version 11.00
# Visual Studio 2010
Project("{8BC9CEB8-8B4A-11D0-8D11-00A0C91BC942}") = "ListofIntegers", "ListofIntegers.vcxproj", "{F8BBF1EC-1002-4E69-82CA-7E1E81E44E40}"
EndProject
Global
	GlobalSection(SolutionConfigurationPlatforms) = preSolution
		Debug|Win32 = Debug|Win32
		Release|Win32 = Release|Win32
	EndGlobalSection
	GlobalSection(ProjectConfigurationPlatforms) = postSolution
		{F8BBF1EC-1002-4E69-82CA-7E1E81E44E40}.Debug|Win32.ActiveCfg = Debug|Win32
		{F8BBF1EC-1002-4E69-82CA-7E1E81E44E40}.Debug|Win32.Build.0 = Debug|Win32
		{F8BBF1EC-1002-4E69-82CA-7E1E81E44E40}.Release|Win32.ActiveCfg = Release|Win32
		{F8BBF1EC-1002-4E69-82CA-7E1E81E44E40}.Release|Win32.Build.0 = Release|Win32
	EndGlobalSection
	GlobalSection(SolutionProperties) = preSolution
		HideSolutionNode = FALSE
	EndGlobalSection
EndGlobal
