
Microsoft Visual Studio Solution File, Format Version 11.00
# Visual Studio 2010
Project("{8BC9CEB8-8B4A-11D0-8D11-00A0C91BC942}") = "MFCServer", "MFCServer\MFCServer.vcxproj", "{160CEA86-93B9-4352-8324-F0E8C32B6A5D}"
EndProject
Project("{8BC9CEB8-8B4A-11D0-8D11-00A0C91BC942}") = "MFCClient", "MFCClient\MFCClient.vcxproj", "{EAA0CEFF-5EE2-4421-8057-A43A3BBB9397}"
EndProject
Global
	GlobalSection(SolutionConfigurationPlatforms) = preSolution
		Debug|Win32 = Debug|Win32
		Release|Win32 = Release|Win32
	EndGlobalSection
	GlobalSection(ProjectConfigurationPlatforms) = postSolution
		{160CEA86-93B9-4352-8324-F0E8C32B6A5D}.Debug|Win32.ActiveCfg = Debug|Win32
		{160CEA86-93B9-4352-8324-F0E8C32B6A5D}.Debug|Win32.Build.0 = Debug|Win32
		{160CEA86-93B9-4352-8324-F0E8C32B6A5D}.Release|Win32.ActiveCfg = Release|Win32
		{160CEA86-93B9-4352-8324-F0E8C32B6A5D}.Release|Win32.Build.0 = Release|Win32
		{EAA0CEFF-5EE2-4421-8057-A43A3BBB9397}.Debug|Win32.ActiveCfg = Debug|Win32
		{EAA0CEFF-5EE2-4421-8057-A43A3BBB9397}.Debug|Win32.Build.0 = Debug|Win32
		{EAA0CEFF-5EE2-4421-8057-A43A3BBB9397}.Release|Win32.ActiveCfg = Release|Win32
		{EAA0CEFF-5EE2-4421-8057-A43A3BBB9397}.Release|Win32.Build.0 = Release|Win32
	EndGlobalSection
	GlobalSection(SolutionProperties) = preSolution
		HideSolutionNode = FALSE
	EndGlobalSection
EndGlobal
